
Microsoft Visual Studio Solution File, Format Version 12.00
# Visual Studio Version 17
VisualStudioVersion = 17.0.32112.339
MinimumVisualStudioVersion = 10.0.40219.1
Project("{FAE04EC0-301F-11D3-BF4B-00C04F79EFBC}") = "eTickets", "eTickets\eTickets.csproj", "{A5241C3B-6647-41DC-84EC-D8621C388178}"
EndProject
Global
	GlobalSection(SolutionConfigurationPlatforms) = preSolution
		Debug|Any CPU = Debug|Any CPU
		Release|Any CPU = Release|Any CPU
	EndGlobalSection
	GlobalSection(ProjectConfigurationPlatforms) = postSolution
		{A5241C3B-6647-41DC-84EC-D8621C388178}.Debug|Any CPU.ActiveCfg = Debug|Any CPU
		{A5241C3B-6647-41DC-84EC-D8621C388178}.Debug|Any CPU.Build.0 = Debug|Any CPU
		{A5241C3B-6647-41DC-84EC-D8621C388178}.Release|Any CPU.ActiveCfg = Release|Any CPU
		{A5241C3B-6647-41DC-84EC-D8621C388178}.Release|Any CPU.Build.0 = Release|Any CPU
	EndGlobalSection
	GlobalSection(SolutionProperties) = preSolution
		HideSolutionNode = FALSE
	EndGlobalSection
	GlobalSection(ExtensibilityGlobals) = postSolution
		SolutionGuid = {03070256-E900-485C-A107-D0411D87F60F}
	EndGlobalSection
EndGlobal
